
Microsoft Visual Studio Solution File, Format Version 12.00
Project("{FAE04EC0-301F-11D3-BF4B-00C04F79EFBC}") = "Npgsql_5007", "Npgsql_5007\Npgsql_5007.csproj", "{4C9423E4-2B8F-48E5-B6AB-128064E5D90F}"
EndProject
Global
	GlobalSection(SolutionConfigurationPlatforms) = preSolution
		Debug|Any CPU = Debug|Any CPU
		Release|Any CPU = Release|Any CPU
	EndGlobalSection
	GlobalSection(ProjectConfigurationPlatforms) = postSolution
		{4C9423E4-2B8F-48E5-B6AB-128064E5D90F}.Debug|Any CPU.ActiveCfg = Debug|Any CPU
		{4C9423E4-2B8F-48E5-B6AB-128064E5D90F}.Debug|Any CPU.Build.0 = Debug|Any CPU
		{4C9423E4-2B8F-48E5-B6AB-128064E5D90F}.Release|Any CPU.ActiveCfg = Release|Any CPU
		{4C9423E4-2B8F-48E5-B6AB-128064E5D90F}.Release|Any CPU.Build.0 = Release|Any CPU
	EndGlobalSection
EndGlobal
